{
  "name": "arduino_serial_flasher_host",
  "version": "1.0.0",
  "lockfileVersion": 2,
  "requires": true,
  "packages": {
    "": {
      "name": "arduino_serial_flasher_host",
      "version": "1.0.0",
      "dependencies": {
        "arduino_serial_flasher": "github:bcmi-labs/arduino-chromeos-uploader#7f40f51072c548d864f71cff92a8ceeb01be94a1"
      }
    },
    "node_modules/arduino_serial_flasher": {
      "name": "@bcmi-labs/arduino-chromeos-uploader",
      "version": "0.0.2",
      "resolved": "git+ssh://git@github.com/bcmi-labs/arduino-chromeos-uploader.git#7f40f51072c548d864f71cff92a8ceeb01be94a1",
      "integrity": "sha512-fuF10nYPq6P1sOa/OA1DPQz5KCN1Tmf/5swjacN73XHc0O/wdE1jQGt3FMw878JTyNfvS3w+z90J5vs8bj1TDQ==",
      "license": "SEE LICENSE IN LICENSE.md"
    }
  },
  "dependencies": {
    "arduino_serial_flasher": {
      "version": "git+ssh://git@github.com/bcmi-labs/arduino-chromeos-uploader.git#7f40f51072c548d864f71cff92a8ceeb01be94a1",
      "integrity": "sha512-fuF10nYPq6P1sOa/OA1DPQz5KCN1Tmf/5swjacN73XHc0O/wdE1jQGt3FMw878JTyNfvS3w+z90J5vs8bj1TDQ==",
      "from": "arduino_serial_flasher@github:bcmi-labs/arduino-chromeos-uploader#7f40f51072c548d864f71cff92a8ceeb01be94a1"
    }
  }
}
